{
  "requires": true,
  "lockfileVersion": 1,
  "dependencies": {
    "react-moment": {
      "version": "0.9.6",
      "resolved": "https://registry.npmjs.org/react-moment/-/react-moment-0.9.6.tgz",
      "integrity": "sha512-GAnd5NRIpGjDqLoGahJCkiCEQS1d8+dIZbIfPuy/eQ0O5Rio43fEkj5G+qrKbZCQY55fiNafpHpuirVIHqPoSg=="
    }
  }
}
